// !$*UTF8*$!
{
	archiveVersion = 1;
	classes = {
	};
	objectVersion = 50;
	objects = {

/* Begin PBXBuildFile section */
		EA418B6A2269F4D0009EDD73 /* AppDelegate.m in Sources */ = {isa = PBXBuildFile; fileRef = EA418B692269F4D0009EDD73 /* AppDelegate.m */; };
		EA418B6D2269F4D0009EDD73 /* ViewController.m in Sources */ = {isa = PBXBuildFile; fileRef = EA418B6C2269F4D0009EDD73 /* ViewController.m */; };
		EA418B702269F4D0009EDD73 /* Main.storyboard in Resources */ = {isa = PBXBuildFile; fileRef = EA418B6E2269F4D0009EDD73 /* Main.storyboard */; };
		EA418B722269F4D1009EDD73 /* Assets.xcassets in Resources */ = {isa = PBXBuildFile; fileRef = EA418B712269F4D1009EDD73 /* Assets.xcassets */; };
		EA418B752269F4D1009EDD73 /* LaunchScreen.storyboard in Resources */ = {isa = PBXBuildFile; fileRef = EA418B732269F4D1009EDD73 /* LaunchScreen.storyboard */; };
		EA418B782269F4D1009EDD73 /* main.m in Sources */ = {isa = PBXBuildFile; fileRef = EA418B772269F4D1009EDD73 /* main.m */; };
		EA418B822269F4D1009EDD73 /* RuntimeAnalyzeTests.m in Sources */ = {isa = PBXBuildFile; fileRef = EA418B812269F4D1009EDD73 /* RuntimeAnalyzeTests.m */; };
		EA418B8D2269F4D1009EDD73 /* RuntimeAnalyzeUITests.m in Sources */ = {isa = PBXBuildFile; fileRef = EA418B8C2269F4D1009EDD73 /* RuntimeAnalyzeUITests.m */; };
/* End PBXBuildFile section */

/* Begin PBXContainerItemProxy section */
		EA418B7E2269F4D1009EDD73 /* PBXContainerItemProxy */ = {
			isa = PBXContainerItemProxy;
			containerPortal = EA418B5D2269F4D0009EDD73 /* Project object */;
			proxyType = 1;
			remoteGlobalIDString = EA418B642269F4D0009EDD73;
			remoteInfo = RuntimeAnalyze;
		};
		EA418B892269F4D1009EDD73 /* PBXContainerItemProxy */ = {
			isa = PBXContainerItemProxy;
			containerPortal = EA418B5D2269F4D0009EDD73 /* Project object */;
			proxyType = 1;
			remoteGlobalIDString = EA418B642269F4D0009EDD73;
			remoteInfo = RuntimeAnalyze;
		};
/* End PBXContainerItemProxy section */

/* Begin PBXFileReference section */
		EA418B652269F4D0009EDD73 /* RuntimeAnalyze.app */ = {isa = PBXFileReference; explicitFileType = wrapper.application; includeInIndex = 0; path = RuntimeAnalyze.app; sourceTree = BUILT_PRODUCTS_DIR; };
		EA418B682269F4D0009EDD73 /* AppDelegate.h */ = {isa = PBXFileReference; lastKnownFileType = sourcecode.c.h; path = AppDelegate.h; sourceTree = "<group>"; };
		EA418B692269F4D0009EDD73 /* AppDelegate.m */ = {isa = PBXFileReference; lastKnownFileType = sourcecode.c.objc; path = AppDelegate.m; sourceTree = "<group>"; };
		EA418B6B2269F4D0009EDD73 /* ViewController.h */ = {isa = PBXFileReference; lastKnownFileType = sourcecode.c.h; path = ViewController.h; sourceTree = "<group>"; };
		EA418B6C2269F4D0009EDD73 /* ViewController.m */ = {isa = PBXFileReference; lastKnownFileType = sourcecode.c.objc; path = ViewController.m; sourceTree = "<group>"; };
		EA418B6F2269F4D0009EDD73 /* Base */ = {isa = PBXFileReference; lastKnownFileType = file.storyboard; name = Base; path = Base.lproj/Main.storyboard; sourceTree = "<group>"; };
		EA418B712269F4D1009EDD73 /* Assets.xcassets */ = {isa = PBXFileReference; lastKnownFileType = folder.assetcatalog; path = Assets.xcassets; sourceTree = "<group>"; };
		EA418B742269F4D1009EDD73 /* Base */ = {isa = PBXFileReference; lastKnownFileType = file.storyboard; name = Base; path = Base.lproj/LaunchScreen.storyboard; sourceTree = "<group>"; };
		EA418B762269F4D1009EDD73 /* Info.plist */ = {isa = PBXFileReference; lastKnownFileType = text.plist.xml; path = Info.plist; sourceTree = "<group>"; };
		EA418B772269F4D1009EDD73 /* main.m */ = {isa = PBXFileReference; lastKnownFileType = sourcecode.c.objc; path = main.m; sourceTree = "<group>"; };
		EA418B7D2269F4D1009EDD73 /* RuntimeAnalyzeTests.xctest */ = {isa = PBXFileReference; explicitFileType = wrapper.cfbundle; includeInIndex = 0; path = RuntimeAnalyzeTests.xctest; sourceTree = BUILT_PRODUCTS_DIR; };
		EA418B812269F4D1009EDD73 /* RuntimeAnalyzeTests.m */ = {isa = PBXFileReference; lastKnownFileType = sourcecode.c.objc; path = RuntimeAnalyzeTests.m; sourceTree = "<group>"; };
		EA418B832269F4D1009EDD73 /* Info.plist */ = {isa = PBXFileReference; lastKnownFileType = text.plist.xml; path = Info.plist; sourceTree = "<group>"; };
		EA418B882269F4D1009EDD73 /* RuntimeAnalyzeUITests.xctest */ = {isa = PBXFileReference; explicitFileType = wrapper.cfbundle; includeInIndex = 0; path = RuntimeAnalyzeUITests.xctest; sourceTree = BUILT_PRODUCTS_DIR; };
		EA418B8C2269F4D1009EDD73 /* RuntimeAnalyzeUITests.m */ = {isa = PBXFileReference; lastKnownFileType = sourcecode.c.objc; path = RuntimeAnalyzeUITests.m; sourceTree = "<group>"; };
		EA418B8E2269F4D1009EDD73 /* Info.plist */ = {isa = PBXFileReference; lastKnownFileType = text.plist.xml; path = Info.plist; sourceTree = "<group>"; };
		EA418B9B2269F4EB009EDD73 /* Protocol.h */ = {isa = PBXFileReference; lastKnownFileType = sourcecode.c.h; path = Protocol.h; sourceTree = "<group>"; };
		EA418B9C2269F4EB009EDD73 /* error.h */ = {isa = PBXFileReference; lastKnownFileType = sourcecode.c.h; path = error.h; sourceTree = "<group>"; };
		EA418B9D2269F4EB009EDD73 /* maptable.m */ = {isa = PBXFileReference; lastKnownFileType = sourcecode.c.objc; path = maptable.m; sourceTree = "<group>"; };
		EA418B9E2269F4EB009EDD73 /* objc-config.h */ = {isa = PBXFileReference; lastKnownFileType = sourcecode.c.h; path = "objc-config.h"; sourceTree = "<group>"; };
		EA418B9F2269F4EB009EDD73 /* objc-class.m */ = {isa = PBXFileReference; lastKnownFileType = sourcecode.c.objc; path = "objc-class.m"; sourceTree = "<group>"; };
		EA418BA02269F4EB009EDD73 /* objc-private.h */ = {isa = PBXFileReference; lastKnownFileType = sourcecode.c.h; path = "objc-private.h"; sourceTree = "<group>"; };
		EA418BA22269F4EB009EDD73 /* objc-msg-hppa-nolock.s */ = {isa = PBXFileReference; lastKnownFileType = sourcecode.asm; path = "objc-msg-hppa-nolock.s"; sourceTree = "<group>"; };
		EA418BA32269F4EB009EDD73 /* Makefile.preamble */ = {isa = PBXFileReference; lastKnownFileType = text; path = Makefile.preamble; sourceTree = "<group>"; };
		EA418BA42269F4EB009EDD73 /* objc-msg-i386.s */ = {isa = PBXFileReference; lastKnownFileType = sourcecode.asm; path = "objc-msg-i386.s"; sourceTree = "<group>"; };
		EA418BA52269F4EB009EDD73 /* objc-msg-sparc-pdo.s */ = {isa = PBXFileReference; lastKnownFileType = sourcecode.asm; path = "objc-msg-sparc-pdo.s"; sourceTree = "<group>"; };
		EA418BA62269F4EB009EDD73 /* Makefile */ = {isa = PBXFileReference; lastKnownFileType = sourcecode.make; path = Makefile; sourceTree = "<group>"; };
		EA418BA72269F4EB009EDD73 /* objc-msg-sparc.s */ = {isa = PBXFileReference; lastKnownFileType = sourcecode.asm; path = "objc-msg-sparc.s"; sourceTree = "<group>"; };
		EA418BA82269F4EB009EDD73 /* PB.project */ = {isa = PBXFileReference; lastKnownFileType = text; path = PB.project; sourceTree = "<group>"; };
		EA418BA92269F4EB009EDD73 /* Makefile.postamble */ = {isa = PBXFileReference; lastKnownFileType = text; path = Makefile.postamble; sourceTree = "<group>"; };
		EA418BAA2269F4EB009EDD73 /* objc-msg-m68k-nolock.s */ = {isa = PBXFileReference; lastKnownFileType = sourcecode.asm; path = "objc-msg-m68k-nolock.s"; sourceTree = "<group>"; };
		EA418BAB2269F4EB009EDD73 /* objc-msg-hppa-pdo-pic.s */ = {isa = PBXFileReference; lastKnownFileType = sourcecode.asm; path = "objc-msg-hppa-pdo-pic.s"; sourceTree = "<group>"; };
		EA418BAC2269F4EB009EDD73 /* objc-msg-i386-nextpdo-winnt3.5.s */ = {isa = PBXFileReference; lastKnownFileType = sourcecode.asm; path = "objc-msg-i386-nextpdo-winnt3.5.s"; sourceTree = "<group>"; };
		EA418BAD2269F4EB009EDD73 /* objc-msg-m68k-lock.s */ = {isa = PBXFileReference; lastKnownFileType = sourcecode.asm; path = "objc-msg-m68k-lock.s"; sourceTree = "<group>"; };
		EA418BAE2269F4EB009EDD73 /* objc-msg-ppc.s */ = {isa = PBXFileReference; lastKnownFileType = sourcecode.asm; path = "objc-msg-ppc.s"; sourceTree = "<group>"; };
		EA418BAF2269F4EB009EDD73 /* objc-msg.s */ = {isa = PBXFileReference; lastKnownFileType = sourcecode.asm; path = "objc-msg.s"; sourceTree = "<group>"; };
		EA418BB02269F4EB009EDD73 /* objc-msg-hppa-pdo.s */ = {isa = PBXFileReference; lastKnownFileType = sourcecode.asm; path = "objc-msg-hppa-pdo.s"; sourceTree = "<group>"; };
		EA418BB12269F4EB009EDD73 /* objc-msg-hppa-lock.s */ = {isa = PBXFileReference; lastKnownFileType = sourcecode.asm; path = "objc-msg-hppa-lock.s"; sourceTree = "<group>"; };
		EA418BB22269F4EB009EDD73 /* Object.m */ = {isa = PBXFileReference; lastKnownFileType = sourcecode.c.objc; path = Object.m; sourceTree = "<group>"; };
		EA418BB32269F4EB009EDD73 /* objc-sel.m */ = {isa = PBXFileReference; lastKnownFileType = sourcecode.c.objc; path = "objc-sel.m"; sourceTree = "<group>"; };
		EA418BB42269F4EB009EDD73 /* Makefile.preamble */ = {isa = PBXFileReference; lastKnownFileType = text; path = Makefile.preamble; sourceTree = "<group>"; };
		EA418BB52269F4EB009EDD73 /* Makefile */ = {isa = PBXFileReference; lastKnownFileType = sourcecode.make; path = Makefile; sourceTree = "<group>"; };
		EA418BB62269F4EB009EDD73 /* objc-load.h */ = {isa = PBXFileReference; lastKnownFileType = sourcecode.c.h; path = "objc-load.h"; sourceTree = "<group>"; };
		EA418BB82269F4EB009EDD73 /* List.m */ = {isa = PBXFileReference; lastKnownFileType = sourcecode.c.objc; path = List.m; sourceTree = "<group>"; };
		EA418BB92269F4EB009EDD73 /* Makefile.preamble */ = {isa = PBXFileReference; lastKnownFileType = text; path = Makefile.preamble; sourceTree = "<group>"; };
		EA418BBA2269F4EB009EDD73 /* Makefile */ = {isa = PBXFileReference; lastKnownFileType = sourcecode.make; path = Makefile; sourceTree = "<group>"; };
		EA418BBB2269F4EB009EDD73 /* PB.project */ = {isa = PBXFileReference; lastKnownFileType = text; path = PB.project; sourceTree = "<group>"; };
		EA418BBC2269F4EB009EDD73 /* List.h */ = {isa = PBXFileReference; lastKnownFileType = sourcecode.c.h; path = List.h; sourceTree = "<group>"; };
		EA418BBD2269F4EB009EDD73 /* objc-runtime.m */ = {isa = PBXFileReference; lastKnownFileType = sourcecode.c.objc; path = "objc-runtime.m"; sourceTree = "<group>"; };
		EA418BBE2269F4EB009EDD73 /* objc.h */ = {isa = PBXFileReference; lastKnownFileType = sourcecode.c.h; path = objc.h; sourceTree = "<group>"; };
		EA418BBF2269F4EB009EDD73 /* PB.project */ = {isa = PBXFileReference; lastKnownFileType = text; path = PB.project; sourceTree = "<group>"; };
		EA418BC02269F4EB009EDD73 /* hashtable2.m */ = {isa = PBXFileReference; lastKnownFileType = sourcecode.c.objc; path = hashtable2.m; sourceTree = "<group>"; };
		EA418BC12269F4EB009EDD73 /* Makefile.postamble */ = {isa = PBXFileReference; lastKnownFileType = text; path = Makefile.postamble; sourceTree = "<group>"; };
		EA418BC22269F4EB009EDD73 /* objc-class.h */ = {isa = PBXFileReference; lastKnownFileType = sourcecode.c.h; path = "objc-class.h"; sourceTree = "<group>"; };
		EA418BC32269F4EB009EDD73 /* maptable.h */ = {isa = PBXFileReference; lastKnownFileType = sourcecode.c.h; path = maptable.h; sourceTree = "<group>"; };
		EA418BC42269F4EB009EDD73 /* Protocol.m */ = {isa = PBXFileReference; lastKnownFileType = sourcecode.c.objc; path = Protocol.m; sourceTree = "<group>"; };
		EA418BC52269F4EB009EDD73 /* objc_dllMain.c */ = {isa = PBXFileReference; lastKnownFileType = sourcecode.c.c; path = objc_dllMain.c; sourceTree = "<group>"; };
		EA418BC62269F4EB009EDD73 /* objc_hpux_register_shlib.c */ = {isa = PBXFileReference; lastKnownFileType = sourcecode.c.c; path = objc_hpux_register_shlib.c; sourceTree = "<group>"; };
		EA418BC72269F4EB009EDD73 /* Object.h */ = {isa = PBXFileReference; lastKnownFileType = sourcecode.c.h; path = Object.h; sourceTree = "<group>"; };
		EA418BC82269F4EB009EDD73 /* objc-file.m */ = {isa = PBXFileReference; lastKnownFileType = sourcecode.c.objc; path = "objc-file.m"; sourceTree = "<group>"; };
		EA418BC92269F4EB009EDD73 /* objc-moninit.c */ = {isa = PBXFileReference; lastKnownFileType = sourcecode.c.c; path = "objc-moninit.c"; sourceTree = "<group>"; };
		EA418BCA2269F4EB009EDD73 /* objc-load.m */ = {isa = PBXFileReference; lastKnownFileType = sourcecode.c.objc; path = "objc-load.m"; sourceTree = "<group>"; };
		EA418BCB2269F4EB009EDD73 /* objc-errors.m */ = {isa = PBXFileReference; lastKnownFileType = sourcecode.c.objc; path = "objc-errors.m"; sourceTree = "<group>"; };
		EA418BCC2269F4EB009EDD73 /* objc-api.h */ = {isa = PBXFileReference; lastKnownFileType = sourcecode.c.h; path = "objc-api.h"; sourceTree = "<group>"; };
		EA418BCD2269F4EB009EDD73 /* hashtable2.h */ = {isa = PBXFileReference; lastKnownFileType = sourcecode.c.h; path = hashtable2.h; sourceTree = "<group>"; };
		EA418BCE2269F4EB009EDD73 /* objc-runtime.h */ = {isa = PBXFileReference; lastKnownFileType = sourcecode.c.h; path = "objc-runtime.h"; sourceTree = "<group>"; };
/* End PBXFileReference section */

/* Begin PBXFrameworksBuildPhase section */
		EA418B622269F4D0009EDD73 /* Frameworks */ = {
			isa = PBXFrameworksBuildPhase;
			buildActionMask = 2147483647;
			files = (
			);
			runOnlyForDeploymentPostprocessing = 0;
		};
		EA418B7A2269F4D1009EDD73 /* Frameworks */ = {
			isa = PBXFrameworksBuildPhase;
			buildActionMask = 2147483647;
			files = (
			);
			runOnlyForDeploymentPostprocessing = 0;
		};
		EA418B852269F4D1009EDD73 /* Frameworks */ = {
			isa = PBXFrameworksBuildPhase;
			buildActionMask = 2147483647;
			files = (
			);
			runOnlyForDeploymentPostprocessing = 0;
		};
/* End PBXFrameworksBuildPhase section */

/* Begin PBXGroup section */
		EA418B5C2269F4D0009EDD73 = {
			isa = PBXGroup;
			children = (
				EA418B672269F4D0009EDD73 /* RuntimeAnalyze */,
				EA418B802269F4D1009EDD73 /* RuntimeAnalyzeTests */,
				EA418B8B2269F4D1009EDD73 /* RuntimeAnalyzeUITests */,
				EA418B662269F4D0009EDD73 /* Products */,
			);
			sourceTree = "<group>";
		};
		EA418B662269F4D0009EDD73 /* Products */ = {
			isa = PBXGroup;
			children = (
				EA418B652269F4D0009EDD73 /* RuntimeAnalyze.app */,
				EA418B7D2269F4D1009EDD73 /* RuntimeAnalyzeTests.xctest */,
				EA418B882269F4D1009EDD73 /* RuntimeAnalyzeUITests.xctest */,
			);
			name = Products;
			sourceTree = "<group>";
		};
		EA418B672269F4D0009EDD73 /* RuntimeAnalyze */ = {
			isa = PBXGroup;
			children = (
				EA418B9A2269F4EB009EDD73 /* runtime */,
				EA418B682269F4D0009EDD73 /* AppDelegate.h */,
				EA418B692269F4D0009EDD73 /* AppDelegate.m */,
				EA418B6B2269F4D0009EDD73 /* ViewController.h */,
				EA418B6C2269F4D0009EDD73 /* ViewController.m */,
				EA418B6E2269F4D0009EDD73 /* Main.storyboard */,
				EA418B712269F4D1009EDD73 /* Assets.xcassets */,
				EA418B732269F4D1009EDD73 /* LaunchScreen.storyboard */,
				EA418B762269F4D1009EDD73 /* Info.plist */,
				EA418B772269F4D1009EDD73 /* main.m */,
			);
			path = RuntimeAnalyze;
			sourceTree = "<group>";
		};
		EA418B802269F4D1009EDD73 /* RuntimeAnalyzeTests */ = {
			isa = PBXGroup;
			children = (
				EA418B812269F4D1009EDD73 /* RuntimeAnalyzeTests.m */,
				EA418B832269F4D1009EDD73 /* Info.plist */,
			);
			path = RuntimeAnalyzeTests;
			sourceTree = "<group>";
		};
		EA418B8B2269F4D1009EDD73 /* RuntimeAnalyzeUITests */ = {
			isa = PBXGroup;
			children = (
				EA418B8C2269F4D1009EDD73 /* RuntimeAnalyzeUITests.m */,
				EA418B8E2269F4D1009EDD73 /* Info.plist */,
			);
			path = RuntimeAnalyzeUITests;
			sourceTree = "<group>";
		};
		EA418B9A2269F4EB009EDD73 /* runtime */ = {
			isa = PBXGroup;
			children = (
				EA418B9B2269F4EB009EDD73 /* Protocol.h */,
				EA418B9C2269F4EB009EDD73 /* error.h */,
				EA418B9D2269F4EB009EDD73 /* maptable.m */,
				EA418B9E2269F4EB009EDD73 /* objc-config.h */,
				EA418B9F2269F4EB009EDD73 /* objc-class.m */,
				EA418BA02269F4EB009EDD73 /* objc-private.h */,
				EA418BA12269F4EB009EDD73 /* Messengers.subproj */,
				EA418BB22269F4EB009EDD73 /* Object.m */,
				EA418BB32269F4EB009EDD73 /* objc-sel.m */,
				EA418BB42269F4EB009EDD73 /* Makefile.preamble */,
				EA418BB52269F4EB009EDD73 /* Makefile */,
				EA418BB62269F4EB009EDD73 /* objc-load.h */,
				EA418BB72269F4EB009EDD73 /* OldClasses.subproj */,
				EA418BBD2269F4EB009EDD73 /* objc-runtime.m */,
				EA418BBE2269F4EB009EDD73 /* objc.h */,
				EA418BBF2269F4EB009EDD73 /* PB.project */,
				EA418BC02269F4EB009EDD73 /* hashtable2.m */,
				EA418BC12269F4EB009EDD73 /* Makefile.postamble */,
				EA418BC22269F4EB009EDD73 /* objc-class.h */,
				EA418BC32269F4EB009EDD73 /* maptable.h */,
				EA418BC42269F4EB009EDD73 /* Protocol.m */,
				EA418BC52269F4EB009EDD73 /* objc_dllMain.c */,
				EA418BC62269F4EB009EDD73 /* objc_hpux_register_shlib.c */,
				EA418BC72269F4EB009EDD73 /* Object.h */,
				EA418BC82269F4EB009EDD73 /* objc-file.m */,
				EA418BC92269F4EB009EDD73 /* objc-moninit.c */,
				EA418BCA2269F4EB009EDD73 /* objc-load.m */,
				EA418BCB2269F4EB009EDD73 /* objc-errors.m */,
				EA418BCC2269F4EB009EDD73 /* objc-api.h */,
				EA418BCD2269F4EB009EDD73 /* hashtable2.h */,
				EA418BCE2269F4EB009EDD73 /* objc-runtime.h */,
			);
			name = runtime;
			path = "../../objc4-208/runtime";
			sourceTree = "<group>";
		};
		EA418BA12269F4EB009EDD73 /* Messengers.subproj */ = {
			isa = PBXGroup;
			children = (
				EA418BA22269F4EB009EDD73 /* objc-msg-hppa-nolock.s */,
				EA418BA32269F4EB009EDD73 /* Makefile.preamble */,
				EA418BA42269F4EB009EDD73 /* objc-msg-i386.s */,
				EA418BA52269F4EB009EDD73 /* objc-msg-sparc-pdo.s */,
				EA418BA62269F4EB009EDD73 /* Makefile */,
				EA418BA72269F4EB009EDD73 /* objc-msg-sparc.s */,
				EA418BA82269F4EB009EDD73 /* PB.project */,
				EA418BA92269F4EB009EDD73 /* Makefile.postamble */,
				EA418BAA2269F4EB009EDD73 /* objc-msg-m68k-nolock.s */,
				EA418BAB2269F4EB009EDD73 /* objc-msg-hppa-pdo-pic.s */,
				EA418BAC2269F4EB009EDD73 /* objc-msg-i386-nextpdo-winnt3.5.s */,
				EA418BAD2269F4EB009EDD73 /* objc-msg-m68k-lock.s */,
				EA418BAE2269F4EB009EDD73 /* objc-msg-ppc.s */,
				EA418BAF2269F4EB009EDD73 /* objc-msg.s */,
				EA418BB02269F4EB009EDD73 /* objc-msg-hppa-pdo.s */,
				EA418BB12269F4EB009EDD73 /* objc-msg-hppa-lock.s */,
			);
			path = Messengers.subproj;
			sourceTree = "<group>";
		};
		EA418BB72269F4EB009EDD73 /* OldClasses.subproj */ = {
			isa = PBXGroup;
			children = (
				EA418BB82269F4EB009EDD73 /* List.m */,
				EA418BB92269F4EB009EDD73 /* Makefile.preamble */,
				EA418BBA2269F4EB009EDD73 /* Makefile */,
				EA418BBB2269F4EB009EDD73 /* PB.project */,
				EA418BBC2269F4EB009EDD73 /* List.h */,
			);
			path = OldClasses.subproj;
			sourceTree = "<group>";
		};
/* End PBXGroup section */

/* Begin PBXNativeTarget section */
		EA418B642269F4D0009EDD73 /* RuntimeAnalyze */ = {
			isa = PBXNativeTarget;
			buildConfigurationList = EA418B912269F4D1009EDD73 /* Build configuration list for PBXNativeTarget "RuntimeAnalyze" */;
			buildPhases = (
				EA418B612269F4D0009EDD73 /* Sources */,
				EA418B622269F4D0009EDD73 /* Frameworks */,
				EA418B632269F4D0009EDD73 /* Resources */,
			);
			buildRules = (
			);
			dependencies = (
			);
			name = RuntimeAnalyze;
			productName = RuntimeAnalyze;
			productReference = EA418B652269F4D0009EDD73 /* RuntimeAnalyze.app */;
			productType = "com.apple.product-type.application";
		};
		EA418B7C2269F4D1009EDD73 /* RuntimeAnalyzeTests */ = {
			isa = PBXNativeTarget;
			buildConfigurationList = EA418B942269F4D1009EDD73 /* Build configuration list for PBXNativeTarget "RuntimeAnalyzeTests" */;
			buildPhases = (
				EA418B792269F4D1009EDD73 /* Sources */,
				EA418B7A2269F4D1009EDD73 /* Frameworks */,
				EA418B7B2269F4D1009EDD73 /* Resources */,
			);
			buildRules = (
			);
			dependencies = (
				EA418B7F2269F4D1009EDD73 /* PBXTargetDependency */,
			);
			name = RuntimeAnalyzeTests;
			productName = RuntimeAnalyzeTests;
			productReference = EA418B7D2269F4D1009EDD73 /* RuntimeAnalyzeTests.xctest */;
			productType = "com.apple.product-type.bundle.unit-test";
		};
		EA418B872269F4D1009EDD73 /* RuntimeAnalyzeUITests */ = {
			isa = PBXNativeTarget;
			buildConfigurationList = EA418B972269F4D1009EDD73 /* Build configuration list for PBXNativeTarget "RuntimeAnalyzeUITests" */;
			buildPhases = (
				EA418B842269F4D1009EDD73 /* Sources */,
				EA418B852269F4D1009EDD73 /* Frameworks */,
				EA418B862269F4D1009EDD73 /* Resources */,
			);
			buildRules = (
			);
			dependencies = (
				EA418B8A2269F4D1009EDD73 /* PBXTargetDependency */,
			);
			name = RuntimeAnalyzeUITests;
			productName = RuntimeAnalyzeUITests;
			productReference = EA418B882269F4D1009EDD73 /* RuntimeAnalyzeUITests.xctest */;
			productType = "com.apple.product-type.bundle.ui-testing";
		};
/* End PBXNativeTarget section */

/* Begin PBXProject section */
		EA418B5D2269F4D0009EDD73 /* Project object */ = {
			isa = PBXProject;
			attributes = {
				LastUpgradeCheck = 1010;
				ORGANIZATIONNAME = berlin;
				TargetAttributes = {
					EA418B642269F4D0009EDD73 = {
						CreatedOnToolsVersion = 10.1;
					};
					EA418B7C2269F4D1009EDD73 = {
						CreatedOnToolsVersion = 10.1;
						TestTargetID = EA418B642269F4D0009EDD73;
					};
					EA418B872269F4D1009EDD73 = {
						CreatedOnToolsVersion = 10.1;
						TestTargetID = EA418B642269F4D0009EDD73;
					};
				};
			};
			buildConfigurationList = EA418B602269F4D0009EDD73 /* Build configuration list for PBXProject "RuntimeAnalyze" */;
			compatibilityVersion = "Xcode 9.3";
			developmentRegion = en;
			hasScannedForEncodings = 0;
			knownRegions = (
				en,
				Base,
			);
			mainGroup = EA418B5C2269F4D0009EDD73;
			productRefGroup = EA418B662269F4D0009EDD73 /* Products */;
			projectDirPath = "";
			projectRoot = "";
			targets = (
				EA418B642269F4D0009EDD73 /* RuntimeAnalyze */,
				EA418B7C2269F4D1009EDD73 /* RuntimeAnalyzeTests */,
				EA418B872269F4D1009EDD73 /* RuntimeAnalyzeUITests */,
			);
		};
/* End PBXProject section */

/* Begin PBXResourcesBuildPhase section */
		EA418B632269F4D0009EDD73 /* Resources */ = {
			isa = PBXResourcesBuildPhase;
			buildActionMask = 2147483647;
			files = (
				EA418B752269F4D1009EDD73 /* LaunchScreen.storyboard in Resources */,
				EA418B722269F4D1009EDD73 /* Assets.xcassets in Resources */,
				EA418B702269F4D0009EDD73 /* Main.storyboard in Resources */,
			);
			runOnlyForDeploymentPostprocessing = 0;
		};
		EA418B7B2269F4D1009EDD73 /* Resources */ = {
			isa = PBXResourcesBuildPhase;
			buildActionMask = 2147483647;
			files = (
			);
			runOnlyForDeploymentPostprocessing = 0;
		};
		EA418B862269F4D1009EDD73 /* Resources */ = {
			isa = PBXResourcesBuildPhase;
			buildActionMask = 2147483647;
			files = (
			);
			runOnlyForDeploymentPostprocessing = 0;
		};
/* End PBXResourcesBuildPhase section */

/* Begin PBXSourcesBuildPhase section */
		EA418B612269F4D0009EDD73 /* Sources */ = {
			isa = PBXSourcesBuildPhase;
			buildActionMask = 2147483647;
			files = (
				EA418B6D2269F4D0009EDD73 /* ViewController.m in Sources */,
				EA418B782269F4D1009EDD73 /* main.m in Sources */,
				EA418B6A2269F4D0009EDD73 /* AppDelegate.m in Sources */,
			);
			runOnlyForDeploymentPostprocessing = 0;
		};
		EA418B792269F4D1009EDD73 /* Sources */ = {
			isa = PBXSourcesBuildPhase;
			buildActionMask = 2147483647;
			files = (
				EA418B822269F4D1009EDD73 /* RuntimeAnalyzeTests.m in Sources */,
			);
			runOnlyForDeploymentPostprocessing = 0;
		};
		EA418B842269F4D1009EDD73 /* Sources */ = {
			isa = PBXSourcesBuildPhase;
			buildActionMask = 2147483647;
			files = (
				EA418B8D2269F4D1009EDD73 /* RuntimeAnalyzeUITests.m in Sources */,
			);
			runOnlyForDeploymentPostprocessing = 0;
		};
/* End PBXSourcesBuildPhase section */

/* Begin PBXTargetDependency section */
		EA418B7F2269F4D1009EDD73 /* PBXTargetDependency */ = {
			isa = PBXTargetDependency;
			target = EA418B642269F4D0009EDD73 /* RuntimeAnalyze */;
			targetProxy = EA418B7E2269F4D1009EDD73 /* PBXContainerItemProxy */;
		};
		EA418B8A2269F4D1009EDD73 /* PBXTargetDependency */ = {
			isa = PBXTargetDependency;
			target = EA418B642269F4D0009EDD73 /* RuntimeAnalyze */;
			targetProxy = EA418B892269F4D1009EDD73 /* PBXContainerItemProxy */;
		};
/* End PBXTargetDependency section */

/* Begin PBXVariantGroup section */
		EA418B6E2269F4D0009EDD73 /* Main.storyboard */ = {
			isa = PBXVariantGroup;
			children = (
				EA418B6F2269F4D0009EDD73 /* Base */,
			);
			name = Main.storyboard;
			sourceTree = "<group>";
		};
		EA418B732269F4D1009EDD73 /* LaunchScreen.storyboard */ = {
			isa = PBXVariantGroup;
			children = (
				EA418B742269F4D1009EDD73 /* Base */,
			);
			name = LaunchScreen.storyboard;
			sourceTree = "<group>";
		};
/* End PBXVariantGroup section */

/* Begin XCBuildConfiguration section */
		EA418B8F2269F4D1009EDD73 /* Debug */ = {
			isa = XCBuildConfiguration;
			buildSettings = {
				ALWAYS_SEARCH_USER_PATHS = NO;
				CLANG_ANALYZER_NONNULL = YES;
				CLANG_ANALYZER_NUMBER_OBJECT_CONVERSION = YES_AGGRESSIVE;
				CLANG_CXX_LANGUAGE_STANDARD = "gnu++14";
				CLANG_CXX_LIBRARY = "libc++";
				CLANG_ENABLE_MODULES = YES;
				CLANG_ENABLE_OBJC_ARC = YES;
				CLANG_ENABLE_OBJC_WEAK = YES;
				CLANG_WARN_BLOCK_CAPTURE_AUTORELEASING = YES;
				CLANG_WARN_BOOL_CONVERSION = YES;
				CLANG_WARN_COMMA = YES;
				CLANG_WARN_CONSTANT_CONVERSION = YES;
				CLANG_WARN_DEPRECATED_OBJC_IMPLEMENTATIONS = YES;
				CLANG_WARN_DIRECT_OBJC_ISA_USAGE = YES_ERROR;
				CLANG_WARN_DOCUMENTATION_COMMENTS = YES;
				CLANG_WARN_EMPTY_BODY = YES;
				CLANG_WARN_ENUM_CONVERSION = YES;
				CLANG_WARN_INFINITE_RECURSION = YES;
				CLANG_WARN_INT_CONVERSION = YES;
				CLANG_WARN_NON_LITERAL_NULL_CONVERSION = YES;
				CLANG_WARN_OBJC_IMPLICIT_RETAIN_SELF = YES;
				CLANG_WARN_OBJC_LITERAL_CONVERSION = YES;
				CLANG_WARN_OBJC_ROOT_CLASS = YES_ERROR;
				CLANG_WARN_RANGE_LOOP_ANALYSIS = YES;
				CLANG_WARN_STRICT_PROTOTYPES = YES;
				CLANG_WARN_SUSPICIOUS_MOVE = YES;
				CLANG_WARN_UNGUARDED_AVAILABILITY = YES_AGGRESSIVE;
				CLANG_WARN_UNREACHABLE_CODE = YES;
				CLANG_WARN__DUPLICATE_METHOD_MATCH = YES;
				CODE_SIGN_IDENTITY = "iPhone Developer";
				COPY_PHASE_STRIP = NO;
				DEBUG_INFORMATION_FORMAT = dwarf;
				ENABLE_STRICT_OBJC_MSGSEND = YES;
				ENABLE_TESTABILITY = YES;
				GCC_C_LANGUAGE_STANDARD = gnu11;
				GCC_DYNAMIC_NO_PIC = NO;
				GCC_NO_COMMON_BLOCKS = YES;
				GCC_OPTIMIZATION_LEVEL = 0;
				GCC_PREPROCESSOR_DEFINITIONS = (
					"DEBUG=1",
					"$(inherited)",
				);
				GCC_WARN_64_TO_32_BIT_CONVERSION = YES;
				GCC_WARN_ABOUT_RETURN_TYPE = YES_ERROR;
				GCC_WARN_UNDECLARED_SELECTOR = YES;
				GCC_WARN_UNINITIALIZED_AUTOS = YES_AGGRESSIVE;
				GCC_WARN_UNUSED_FUNCTION = YES;
				GCC_WARN_UNUSED_VARIABLE = YES;
				IPHONEOS_DEPLOYMENT_TARGET = 12.1;
				MTL_ENABLE_DEBUG_INFO = INCLUDE_SOURCE;
				MTL_FAST_MATH = YES;
				ONLY_ACTIVE_ARCH = YES;
				SDKROOT = iphoneos;
			};
			name = Debug;
		};
		EA418B902269F4D1009EDD73 /* Release */ = {
			isa = XCBuildConfiguration;
			buildSettings = {
				ALWAYS_SEARCH_USER_PATHS = NO;
				CLANG_ANALYZER_NONNULL = YES;
				CLANG_ANALYZER_NUMBER_OBJECT_CONVERSION = YES_AGGRESSIVE;
				CLANG_CXX_LANGUAGE_STANDARD = "gnu++14";
				CLANG_CXX_LIBRARY = "libc++";
				CLANG_ENABLE_MODULES = YES;
				CLANG_ENABLE_OBJC_ARC = YES;
				CLANG_ENABLE_OBJC_WEAK = YES;
				CLANG_WARN_BLOCK_CAPTURE_AUTORELEASING = YES;
				CLANG_WARN_BOOL_CONVERSION = YES;
				CLANG_WARN_COMMA = YES;
				CLANG_WARN_CONSTANT_CONVERSION = YES;
				CLANG_WARN_DEPRECATED_OBJC_IMPLEMENTATIONS = YES;
				CLANG_WARN_DIRECT_OBJC_ISA_USAGE = YES_ERROR;
				CLANG_WARN_DOCUMENTATION_COMMENTS = YES;
				CLANG_WARN_EMPTY_BODY = YES;
				CLANG_WARN_ENUM_CONVERSION = YES;
				CLANG_WARN_INFINITE_RECURSION = YES;
				CLANG_WARN_INT_CONVERSION = YES;
				CLANG_WARN_NON_LITERAL_NULL_CONVERSION = YES;
				CLANG_WARN_OBJC_IMPLICIT_RETAIN_SELF = YES;
				CLANG_WARN_OBJC_LITERAL_CONVERSION = YES;
				CLANG_WARN_OBJC_ROOT_CLASS = YES_ERROR;
				CLANG_WARN_RANGE_LOOP_ANALYSIS = YES;
				CLANG_WARN_STRICT_PROTOTYPES = YES;
				CLANG_WARN_SUSPICIOUS_MOVE = YES;
				CLANG_WARN_UNGUARDED_AVAILABILITY = YES_AGGRESSIVE;
				CLANG_WARN_UNREACHABLE_CODE = YES;
				CLANG_WARN__DUPLICATE_METHOD_MATCH = YES;
				CODE_SIGN_IDENTITY = "iPhone Developer";
				COPY_PHASE_STRIP = NO;
				DEBUG_INFORMATION_FORMAT = "dwarf-with-dsym";
				ENABLE_NS_ASSERTIONS = NO;
				ENABLE_STRICT_OBJC_MSGSEND = YES;
				GCC_C_LANGUAGE_STANDARD = gnu11;
				GCC_NO_COMMON_BLOCKS = YES;
				GCC_WARN_64_TO_32_BIT_CONVERSION = YES;
				GCC_WARN_ABOUT_RETURN_TYPE = YES_ERROR;
				GCC_WARN_UNDECLARED_SELECTOR = YES;
				GCC_WARN_UNINITIALIZED_AUTOS = YES_AGGRESSIVE;
				GCC_WARN_UNUSED_FUNCTION = YES;
				GCC_WARN_UNUSED_VARIABLE = YES;
				IPHONEOS_DEPLOYMENT_TARGET = 12.1;
				MTL_ENABLE_DEBUG_INFO = NO;
				MTL_FAST_MATH = YES;
				SDKROOT = iphoneos;
				VALIDATE_PRODUCT = YES;
			};
			name = Release;
		};
		EA418B922269F4D1009EDD73 /* Debug */ = {
			isa = XCBuildConfiguration;
			buildSettings = {
				ASSETCATALOG_COMPILER_APPICON_NAME = AppIcon;
				CODE_SIGN_STYLE = Automatic;
				DEVELOPMENT_TEAM = 4M4NZ2DQ6P;
				INFOPLIST_FILE = RuntimeAnalyze/Info.plist;
				LD_RUNPATH_SEARCH_PATHS = (
					"$(inherited)",
					"@executable_path/Frameworks",
				);
				PRODUCT_BUNDLE_IDENTIFIER = com.rockybo.RuntimeAnalyze;
				PRODUCT_NAME = "$(TARGET_NAME)";
				TARGETED_DEVICE_FAMILY = "1,2";
			};
			name = Debug;
		};
		EA418B932269F4D1009EDD73 /* Release */ = {
			isa = XCBuildConfiguration;
			buildSettings = {
				ASSETCATALOG_COMPILER_APPICON_NAME = AppIcon;
				CODE_SIGN_STYLE = Automatic;
				DEVELOPMENT_TEAM = 4M4NZ2DQ6P;
				INFOPLIST_FILE = RuntimeAnalyze/Info.plist;
				LD_RUNPATH_SEARCH_PATHS = (
					"$(inherited)",
					"@executable_path/Frameworks",
				);
				PRODUCT_BUNDLE_IDENTIFIER = com.rockybo.RuntimeAnalyze;
				PRODUCT_NAME = "$(TARGET_NAME)";
				TARGETED_DEVICE_FAMILY = "1,2";
			};
			name = Release;
		};
		EA418B952269F4D1009EDD73 /* Debug */ = {
			isa = XCBuildConfiguration;
			buildSettings = {
				BUNDLE_LOADER = "$(TEST_HOST)";
				CODE_SIGN_STYLE = Automatic;
				DEVELOPMENT_TEAM = 4M4NZ2DQ6P;
				INFOPLIST_FILE = RuntimeAnalyzeTests/Info.plist;
				LD_RUNPATH_SEARCH_PATHS = (
					"$(inherited)",
					"@executable_path/Frameworks",
					"@loader_path/Frameworks",
				);
				PRODUCT_BUNDLE_IDENTIFIER = com.rockybo.RuntimeAnalyzeTests;
				PRODUCT_NAME = "$(TARGET_NAME)";
				TARGETED_DEVICE_FAMILY = "1,2";
				TEST_HOST = "$(BUILT_PRODUCTS_DIR)/RuntimeAnalyze.app/RuntimeAnalyze";
			};
			name = Debug;
		};
		EA418B962269F4D1009EDD73 /* Release */ = {
			isa = XCBuildConfiguration;
			buildSettings = {
				BUNDLE_LOADER = "$(TEST_HOST)";
				CODE_SIGN_STYLE = Automatic;
				DEVELOPMENT_TEAM = 4M4NZ2DQ6P;
				INFOPLIST_FILE = RuntimeAnalyzeTests/Info.plist;
				LD_RUNPATH_SEARCH_PATHS = (
					"$(inherited)",
					"@executable_path/Frameworks",
					"@loader_path/Frameworks",
				);
				PRODUCT_BUNDLE_IDENTIFIER = com.rockybo.RuntimeAnalyzeTests;
				PRODUCT_NAME = "$(TARGET_NAME)";
				TARGETED_DEVICE_FAMILY = "1,2";
				TEST_HOST = "$(BUILT_PRODUCTS_DIR)/RuntimeAnalyze.app/RuntimeAnalyze";
			};
			name = Release;
		};
		EA418B982269F4D1009EDD73 /* Debug */ = {
			isa = XCBuildConfiguration;
			buildSettings = {
				CODE_SIGN_STYLE = Automatic;
				DEVELOPMENT_TEAM = 4M4NZ2DQ6P;
				INFOPLIST_FILE = RuntimeAnalyzeUITests/Info.plist;
				LD_RUNPATH_SEARCH_PATHS = (
					"$(inherited)",
					"@executable_path/Frameworks",
					"@loader_path/Frameworks",
				);
				PRODUCT_BUNDLE_IDENTIFIER = com.rockybo.RuntimeAnalyzeUITests;
				PRODUCT_NAME = "$(TARGET_NAME)";
				TARGETED_DEVICE_FAMILY = "1,2";
				TEST_TARGET_NAME = RuntimeAnalyze;
			};
			name = Debug;
		};
		EA418B992269F4D1009EDD73 /* Release */ = {
			isa = XCBuildConfiguration;
			buildSettings = {
				CODE_SIGN_STYLE = Automatic;
				DEVELOPMENT_TEAM = 4M4NZ2DQ6P;
				INFOPLIST_FILE = RuntimeAnalyzeUITests/Info.plist;
				LD_RUNPATH_SEARCH_PATHS = (
					"$(inherited)",
					"@executable_path/Frameworks",
					"@loader_path/Frameworks",
				);
				PRODUCT_BUNDLE_IDENTIFIER = com.rockybo.RuntimeAnalyzeUITests;
				PRODUCT_NAME = "$(TARGET_NAME)";
				TARGETED_DEVICE_FAMILY = "1,2";
				TEST_TARGET_NAME = RuntimeAnalyze;
			};
			name = Release;
		};
/* End XCBuildConfiguration section */

/* Begin XCConfigurationList section */
		EA418B602269F4D0009EDD73 /* Build configuration list for PBXProject "RuntimeAnalyze" */ = {
			isa = XCConfigurationList;
			buildConfigurations = (
				EA418B8F2269F4D1009EDD73 /* Debug */,
				EA418B902269F4D1009EDD73 /* Release */,
			);
			defaultConfigurationIsVisible = 0;
			defaultConfigurationName = Release;
		};
		EA418B912269F4D1009EDD73 /* Build configuration list for PBXNativeTarget "RuntimeAnalyze" */ = {
			isa = XCConfigurationList;
			buildConfigurations = (
				EA418B922269F4D1009EDD73 /* Debug */,
				EA418B932269F4D1009EDD73 /* Release */,
			);
			defaultConfigurationIsVisible = 0;
			defaultConfigurationName = Release;
		};
		EA418B942269F4D1009EDD73 /* Build configuration list for PBXNativeTarget "RuntimeAnalyzeTests" */ = {
			isa = XCConfigurationList;
			buildConfigurations = (
				EA418B952269F4D1009EDD73 /* Debug */,
				EA418B962269F4D1009EDD73 /* Release */,
			);
			defaultConfigurationIsVisible = 0;
			defaultConfigurationName = Release;
		};
		EA418B972269F4D1009EDD73 /* Build configuration list for PBXNativeTarget "RuntimeAnalyzeUITests" */ = {
			isa = XCConfigurationList;
			buildConfigurations = (
				EA418B982269F4D1009EDD73 /* Debug */,
				EA418B992269F4D1009EDD73 /* Release */,
			);
			defaultConfigurationIsVisible = 0;
			defaultConfigurationName = Release;
		};
/* End XCConfigurationList section */
	};
	rootObject = EA418B5D2269F4D0009EDD73 /* Project object */;
}
